
Microsoft Visual Studio Solution File, Format Version 12.00
# Visual Studio Version 17
VisualStudioVersion = 17.2.32526.322
MinimumVisualStudioVersion = 10.0.40219.1
Project("{9A19103F-16F7-4668-BE54-9A1E7A4F7556}") = "ConsoleAppList", "ConsoleAbstrct\ConsoleAppList.csproj", "{097AF953-1814-4C50-B147-32CE3FF96020}"
EndProject
Global
	GlobalSection(SolutionConfigurationPlatforms) = preSolution
		Debug|Any CPU = Debug|Any CPU
		Release|Any CPU = Release|Any CPU
	EndGlobalSection
	GlobalSection(ProjectConfigurationPlatforms) = postSolution
		{097AF953-1814-4C50-B147-32CE3FF96020}.Debug|Any CPU.ActiveCfg = Debug|Any CPU
		{097AF953-1814-4C50-B147-32CE3FF96020}.Debug|Any CPU.Build.0 = Debug|Any CPU
		{097AF953-1814-4C50-B147-32CE3FF96020}.Release|Any CPU.ActiveCfg = Release|Any CPU
		{097AF953-1814-4C50-B147-32CE3FF96020}.Release|Any CPU.Build.0 = Release|Any CPU
	EndGlobalSection
	GlobalSection(SolutionProperties) = preSolution
		HideSolutionNode = FALSE
	EndGlobalSection
	GlobalSection(ExtensibilityGlobals) = postSolution
		SolutionGuid = {DF182E53-6062-4D83-9F47-FF714EFA6E98}
	EndGlobalSection
EndGlobal
